
Microsoft Visual Studio Solution File, Format Version 12.00
# Visual Studio 15
VisualStudioVersion = 15.0.27703.2000
MinimumVisualStudioVersion = 10.0.40219.1
Project("{FAE04EC0-301F-11D3-BF4B-00C04F79EFBC}") = "SanGiu.Taxi.XF.Android", "SanGiu.Taxi.XF\SanGiu.Taxi.XF.Android\SanGiu.Taxi.XF.Android.csproj", "{92EB8A5C-D3E4-4FD2-AA16-5049342EFA99}"
EndProject
Project("{FAE04EC0-301F-11D3-BF4B-00C04F79EFBC}") = "SanGiu.Taxi.XF.iOS", "SanGiu.Taxi.XF\SanGiu.Taxi.XF.iOS\SanGiu.Taxi.XF.iOS.csproj", "{DE974399-EDA7-461E-B3F0-ACBBAD94F063}"
EndProject
Project("{FAE04EC0-301F-11D3-BF4B-00C04F79EFBC}") = "SanGiu.Taxi.XF.UWP", "SanGiu.Taxi.XF\SanGiu.Taxi.XF.UWP\SanGiu.Taxi.XF.UWP.csproj", "{EDB68110-D0DA-4958-9F3A-D82E77E65886}"
EndProject
Project("{9A19103F-16F7-4668-BE54-9A1E7A4F7556}") = "SanGiu.Taxi.XF", "SanGiu.Taxi.XF\SanGiu.Taxi.XF\SanGiu.Taxi.XF.csproj", "{D2D5FF83-1474-4089-9FDB-0D2D095FB8BA}"
EndProject
Project("{9A19103F-16F7-4668-BE54-9A1E7A4F7556}") = "SanGiu.Taxi.Auth", "SanGiu.Taxi.Auth\SanGiu.Taxi.Auth.csproj", "{10CC7F3B-F43A-4256-8D88-CE0E99475AEB}"
EndProject
Project("{9A19103F-16F7-4668-BE54-9A1E7A4F7556}") = "SanGiu.Taxi.Repo", "SanGiu.Taxi.Repo\SanGiu.Taxi.Repo.csproj", "{7FF034DE-5ED5-4192-A91B-24D70367A0CF}"
EndProject
Project("{9A19103F-16F7-4668-BE54-9A1E7A4F7556}") = "SanGiu.Taxi.ViewModels", "SanGiu.Taxi.ViewModels\SanGiu.Taxi.ViewModels.csproj", "{A1475C81-DD12-4399-9122-859A37AF4608}"
EndProject
Project("{9A19103F-16F7-4668-BE54-9A1E7A4F7556}") = "SanGiu.Taxi.Interfaces", "SanGiu.Taxi.Interfaces\SanGiu.Taxi.Interfaces.csproj", "{F6D57445-2004-4A90-B898-DE922D0DE024}"
EndProject
Project("{9A19103F-16F7-4668-BE54-9A1E7A4F7556}") = "SanGiu.Taxi.DomainModel", "SanGiu.Taxi.DomainModel\SanGiu.Taxi.DomainModel.csproj", "{662B0EC0-20B3-4AD3-9F3C-A6FEAD4EB58E}"
EndProject
Project("{FAE04EC0-301F-11D3-BF4B-00C04F79EFBC}") = "SanGiu.Taxi.Translations", "SanGiu.Taxi.Translations\SanGiu.Taxi.Translations.csproj", "{4505FD76-B53B-406B-A57F-BBA29591FD9B}"
EndProject
Project("{FAE04EC0-301F-11D3-BF4B-00C04F79EFBC}") = "SanGiu.Taxi.SocketServer", "SanGiu.Taxi.SocketServer\SanGiu.Taxi.SocketServer.csproj", "{E97643D6-9F41-424E-AF47-866467C4398B}"
EndProject
Global
	GlobalSection(SolutionConfigurationPlatforms) = preSolution
		Ad-Hoc|Any CPU = Ad-Hoc|Any CPU
		Ad-Hoc|ARM = Ad-Hoc|ARM
		Ad-Hoc|iPhone = Ad-Hoc|iPhone
		Ad-Hoc|iPhoneSimulator = Ad-Hoc|iPhoneSimulator
		Ad-Hoc|x64 = Ad-Hoc|x64
		Ad-Hoc|x86 = Ad-Hoc|x86
		AppStore|Any CPU = AppStore|Any CPU
		AppStore|ARM = AppStore|ARM
		AppStore|iPhone = AppStore|iPhone
		AppStore|iPhoneSimulator = AppStore|iPhoneSimulator
		AppStore|x64 = AppStore|x64
		AppStore|x86 = AppStore|x86
		Debug|Any CPU = Debug|Any CPU
		Debug|ARM = Debug|ARM
		Debug|iPhone = Debug|iPhone
		Debug|iPhoneSimulator = Debug|iPhoneSimulator
		Debug|x64 = Debug|x64
		Debug|x86 = Debug|x86
		Release|Any CPU = Release|Any CPU
		Release|ARM = Release|ARM
		Release|iPhone = Release|iPhone
		Release|iPhoneSimulator = Release|iPhoneSimulator
		Release|x64 = Release|x64
		Release|x86 = Release|x86
	EndGlobalSection
	GlobalSection(ProjectConfigurationPlatforms) = postSolution
		{92EB8A5C-D3E4-4FD2-AA16-5049342EFA99}.Ad-Hoc|Any CPU.ActiveCfg = Release|Any CPU
		{92EB8A5C-D3E4-4FD2-AA16-5049342EFA99}.Ad-Hoc|Any CPU.Build.0 = Release|Any CPU
		{92EB8A5C-D3E4-4FD2-AA16-5049342EFA99}.Ad-Hoc|Any CPU.Deploy.0 = Release|Any CPU
		{92EB8A5C-D3E4-4FD2-AA16-5049342EFA99}.Ad-Hoc|ARM.ActiveCfg = Release|Any CPU
		{92EB8A5C-D3E4-4FD2-AA16-5049342EFA99}.Ad-Hoc|ARM.Build.0 = Release|Any CPU
		{92EB8A5C-D3E4-4FD2-AA16-5049342EFA99}.Ad-Hoc|ARM.Deploy.0 = Release|Any CPU
		{92EB8A5C-D3E4-4FD2-AA16-5049342EFA99}.Ad-Hoc|iPhone.ActiveCfg = Release|Any CPU
		{92EB8A5C-D3E4-4FD2-AA16-5049342EFA99}.Ad-Hoc|iPhone.Build.0 = Release|Any CPU
		{92EB8A5C-D3E4-4FD2-AA16-5049342EFA99}.Ad-Hoc|iPhone.Deploy.0 = Release|Any CPU
		{92EB8A5C-D3E4-4FD2-AA16-5049342EFA99}.Ad-Hoc|iPhoneSimulator.ActiveCfg = Release|Any CPU
		{92EB8A5C-D3E4-4FD2-AA16-5049342EFA99}.Ad-Hoc|iPhoneSimulator.Build.0 = Release|Any CPU
		{92EB8A5C-D3E4-4FD2-AA16-5049342EFA99}.Ad-Hoc|iPhoneSimulator.Deploy.0 = Release|Any CPU
		{92EB8A5C-D3E4-4FD2-AA16-5049342EFA99}.Ad-Hoc|x64.ActiveCfg = Release|Any CPU
		{92EB8A5C-D3E4-4FD2-AA16-5049342EFA99}.Ad-Hoc|x64.Build.0 = Release|Any CPU
		{92EB8A5C-D3E4-4FD2-AA16-5049342EFA99}.Ad-Hoc|x64.Deploy.0 = Release|Any CPU
		{92EB8A5C-D3E4-4FD2-AA16-5049342EFA99}.Ad-Hoc|x86.ActiveCfg = Release|Any CPU
		{92EB8A5C-D3E4-4FD2-AA16-5049342EFA99}.Ad-Hoc|x86.Build.0 = Release|Any CPU
		{92EB8A5C-D3E4-4FD2-AA16-5049342EFA99}.Ad-Hoc|x86.Deploy.0 = Release|Any CPU
		{92EB8A5C-D3E4-4FD2-AA16-5049342EFA99}.AppStore|Any CPU.ActiveCfg = Release|Any CPU
		{92EB8A5C-D3E4-4FD2-AA16-5049342EFA99}.AppStore|Any CPU.Build.0 = Release|Any CPU
		{92EB8A5C-D3E4-4FD2-AA16-5049342EFA99}.AppStore|Any CPU.Deploy.0 = Release|Any CPU
		{92EB8A5C-D3E4-4FD2-AA16-5049342EFA99}.AppStore|ARM.ActiveCfg = Release|Any CPU
		{92EB8A5C-D3E4-4FD2-AA16-5049342EFA99}.AppStore|ARM.Build.0 = Release|Any CPU
		{92EB8A5C-D3E4-4FD2-AA16-5049342EFA99}.AppStore|ARM.Deploy.0 = Release|Any CPU
		{92EB8A5C-D3E4-4FD2-AA16-5049342EFA99}.AppStore|iPhone.ActiveCfg = Release|Any CPU
		{92EB8A5C-D3E4-4FD2-AA16-5049342EFA99}.AppStore|iPhone.Build.0 = Release|Any CPU
		{92EB8A5C-D3E4-4FD2-AA16-5049342EFA99}.AppStore|iPhone.Deploy.0 = Release|Any CPU
		{92EB8A5C-D3E4-4FD2-AA16-5049342EFA99}.AppStore|iPhoneSimulator.ActiveCfg = Release|Any CPU
		{92EB8A5C-D3E4-4FD2-AA16-5049342EFA99}.AppStore|iPhoneSimulator.Build.0 = Release|Any CPU
		{92EB8A5C-D3E4-4FD2-AA16-5049342EFA99}.AppStore|iPhoneSimulator.Deploy.0 = Release|Any CPU
		{92EB8A5C-D3E4-4FD2-AA16-5049342EFA99}.AppStore|x64.ActiveCfg = Release|Any CPU
		{92EB8A5C-D3E4-4FD2-AA16-5049342EFA99}.AppStore|x64.Build.0 = Release|Any CPU
		{92EB8A5C-D3E4-4FD2-AA16-5049342EFA99}.AppStore|x64.Deploy.0 = Release|Any CPU
		{92EB8A5C-D3E4-4FD2-AA16-5049342EFA99}.AppStore|x86.ActiveCfg = Release|Any CPU
		{92EB8A5C-D3E4-4FD2-AA16-5049342EFA99}.AppStore|x86.Build.0 = Release|Any CPU
		{92EB8A5C-D3E4-4FD2-AA16-5049342EFA99}.AppStore|x86.Deploy.0 = Release|Any CPU
		{92EB8A5C-D3E4-4FD2-AA16-5049342EFA99}.Debug|Any CPU.ActiveCfg = Debug|Any CPU
		{92EB8A5C-D3E4-4FD2-AA16-5049342EFA99}.Debug|Any CPU.Build.0 = Debug|Any CPU
		{92EB8A5C-D3E4-4FD2-AA16-5049342EFA99}.Debug|Any CPU.Deploy.0 = Debug|Any CPU
		{92EB8A5C-D3E4-4FD2-AA16-5049342EFA99}.Debug|ARM.ActiveCfg = Debug|Any CPU
		{92EB8A5C-D3E4-4FD2-AA16-5049342EFA99}.Debug|ARM.Build.0 = Debug|Any CPU
		{92EB8A5C-D3E4-4FD2-AA16-5049342EFA99}.Debug|ARM.Deploy.0 = Debug|Any CPU
		{92EB8A5C-D3E4-4FD2-AA16-5049342EFA99}.Debug|iPhone.ActiveCfg = Debug|Any CPU
		{92EB8A5C-D3E4-4FD2-AA16-5049342EFA99}.Debug|iPhone.Build.0 = Debug|Any CPU
		{92EB8A5C-D3E4-4FD2-AA16-5049342EFA99}.Debug|iPhone.Deploy.0 = Debug|Any CPU
		{92EB8A5C-D3E4-4FD2-AA16-5049342EFA99}.Debug|iPhoneSimulator.ActiveCfg = Debug|Any CPU
		{92EB8A5C-D3E4-4FD2-AA16-5049342EFA99}.Debug|iPhoneSimulator.Build.0 = Debug|Any CPU
		{92EB8A5C-D3E4-4FD2-AA16-5049342EFA99}.Debug|iPhoneSimulator.Deploy.0 = Debug|Any CPU
		{92EB8A5C-D3E4-4FD2-AA16-5049342EFA99}.Debug|x64.ActiveCfg = Debug|Any CPU
		{92EB8A5C-D3E4-4FD2-AA16-5049342EFA99}.Debug|x64.Build.0 = Debug|Any CPU
		{92EB8A5C-D3E4-4FD2-AA16-5049342EFA99}.Debug|x64.Deploy.0 = Debug|Any CPU
		{92EB8A5C-D3E4-4FD2-AA16-5049342EFA99}.Debug|x86.ActiveCfg = Debug|Any CPU
		{92EB8A5C-D3E4-4FD2-AA16-5049342EFA99}.Debug|x86.Build.0 = Debug|Any CPU
		{92EB8A5C-D3E4-4FD2-AA16-5049342EFA99}.Debug|x86.Deploy.0 = Debug|Any CPU
		{92EB8A5C-D3E4-4FD2-AA16-5049342EFA99}.Release|Any CPU.ActiveCfg = Release|Any CPU
		{92EB8A5C-D3E4-4FD2-AA16-5049342EFA99}.Release|Any CPU.Build.0 = Release|Any CPU
		{92EB8A5C-D3E4-4FD2-AA16-5049342EFA99}.Release|Any CPU.Deploy.0 = Release|Any CPU
		{92EB8A5C-D3E4-4FD2-AA16-5049342EFA99}.Release|ARM.ActiveCfg = Release|Any CPU
		{92EB8A5C-D3E4-4FD2-AA16-5049342EFA99}.Release|ARM.Build.0 = Release|Any CPU
		{92EB8A5C-D3E4-4FD2-AA16-5049342EFA99}.Release|ARM.Deploy.0 = Release|Any CPU
		{92EB8A5C-D3E4-4FD2-AA16-5049342EFA99}.Release|iPhone.ActiveCfg = Release|Any CPU
		{92EB8A5C-D3E4-4FD2-AA16-5049342EFA99}.Release|iPhone.Build.0 = Release|Any CPU
		{92EB8A5C-D3E4-4FD2-AA16-5049342EFA99}.Release|iPhone.Deploy.0 = Release|Any CPU
		{92EB8A5C-D3E4-4FD2-AA16-5049342EFA99}.Release|iPhoneSimulator.ActiveCfg = Release|Any CPU
		{92EB8A5C-D3E4-4FD2-AA16-5049342EFA99}.Release|iPhoneSimulator.Build.0 = Release|Any CPU
		{92EB8A5C-D3E4-4FD2-AA16-5049342EFA99}.Release|iPhoneSimulator.Deploy.0 = Release|Any CPU
		{92EB8A5C-D3E4-4FD2-AA16-5049342EFA99}.Release|x64.ActiveCfg = Release|Any CPU
		{92EB8A5C-D3E4-4FD2-AA16-5049342EFA99}.Release|x64.Build.0 = Release|Any CPU
		{92EB8A5C-D3E4-4FD2-AA16-5049342EFA99}.Release|x64.Deploy.0 = Release|Any CPU
		{92EB8A5C-D3E4-4FD2-AA16-5049342EFA99}.Release|x86.ActiveCfg = Release|Any CPU
		{92EB8A5C-D3E4-4FD2-AA16-5049342EFA99}.Release|x86.Build.0 = Release|Any CPU
		{92EB8A5C-D3E4-4FD2-AA16-5049342EFA99}.Release|x86.Deploy.0 = Release|Any CPU
		{DE974399-EDA7-461E-B3F0-ACBBAD94F063}.Ad-Hoc|Any CPU.ActiveCfg = Ad-Hoc|iPhone
		{DE974399-EDA7-461E-B3F0-ACBBAD94F063}.Ad-Hoc|Any CPU.Build.0 = Ad-Hoc|iPhone
		{DE974399-EDA7-461E-B3F0-ACBBAD94F063}.Ad-Hoc|Any CPU.Deploy.0 = Ad-Hoc|iPhone
		{DE974399-EDA7-461E-B3F0-ACBBAD94F063}.Ad-Hoc|ARM.ActiveCfg = Ad-Hoc|iPhone
		{DE974399-EDA7-461E-B3F0-ACBBAD94F063}.Ad-Hoc|ARM.Build.0 = Ad-Hoc|iPhone
		{DE974399-EDA7-461E-B3F0-ACBBAD94F063}.Ad-Hoc|ARM.Deploy.0 = Ad-Hoc|iPhone
		{DE974399-EDA7-461E-B3F0-ACBBAD94F063}.Ad-Hoc|iPhone.ActiveCfg = Ad-Hoc|iPhone
		{DE974399-EDA7-461E-B3F0-ACBBAD94F063}.Ad-Hoc|iPhone.Build.0 = Ad-Hoc|iPhone
		{DE974399-EDA7-461E-B3F0-ACBBAD94F063}.Ad-Hoc|iPhone.Deploy.0 = Ad-Hoc|iPhone
		{DE974399-EDA7-461E-B3F0-ACBBAD94F063}.Ad-Hoc|iPhoneSimulator.ActiveCfg = Ad-Hoc|iPhoneSimulator
		{DE974399-EDA7-461E-B3F0-ACBBAD94F063}.Ad-Hoc|iPhoneSimulator.Build.0 = Ad-Hoc|iPhoneSimulator
		{DE974399-EDA7-461E-B3F0-ACBBAD94F063}.Ad-Hoc|iPhoneSimulator.Deploy.0 = Ad-Hoc|iPhoneSimulator
		{DE974399-EDA7-461E-B3F0-ACBBAD94F063}.Ad-Hoc|x64.ActiveCfg = Ad-Hoc|iPhone
		{DE974399-EDA7-461E-B3F0-ACBBAD94F063}.Ad-Hoc|x64.Build.0 = Ad-Hoc|iPhone
		{DE974399-EDA7-461E-B3F0-ACBBAD94F063}.Ad-Hoc|x64.Deploy.0 = Ad-Hoc|iPhone
		{DE974399-EDA7-461E-B3F0-ACBBAD94F063}.Ad-Hoc|x86.ActiveCfg = Ad-Hoc|iPhone
		{DE974399-EDA7-461E-B3F0-ACBBAD94F063}.Ad-Hoc|x86.Build.0 = Ad-Hoc|iPhone
		{DE974399-EDA7-461E-B3F0-ACBBAD94F063}.Ad-Hoc|x86.Deploy.0 = Ad-Hoc|iPhone
		{DE974399-EDA7-461E-B3F0-ACBBAD94F063}.AppStore|Any CPU.ActiveCfg = AppStore|iPhone
		{DE974399-EDA7-461E-B3F0-ACBBAD94F063}.AppStore|Any CPU.Build.0 = AppStore|iPhone
		{DE974399-EDA7-461E-B3F0-ACBBAD94F063}.AppStore|Any CPU.Deploy.0 = AppStore|iPhone
		{DE974399-EDA7-461E-B3F0-ACBBAD94F063}.AppStore|ARM.ActiveCfg = AppStore|iPhone
		{DE974399-EDA7-461E-B3F0-ACBBAD94F063}.AppStore|ARM.Build.0 = AppStore|iPhone
		{DE974399-EDA7-461E-B3F0-ACBBAD94F063}.AppStore|ARM.Deploy.0 = AppStore|iPhone
		{DE974399-EDA7-461E-B3F0-ACBBAD94F063}.AppStore|iPhone.ActiveCfg = AppStore|iPhone
		{DE974399-EDA7-461E-B3F0-ACBBAD94F063}.AppStore|iPhone.Build.0 = AppStore|iPhone
		{DE974399-EDA7-461E-B3F0-ACBBAD94F063}.AppStore|iPhone.Deploy.0 = AppStore|iPhone
		{DE974399-EDA7-461E-B3F0-ACBBAD94F063}.AppStore|iPhoneSimulator.ActiveCfg = AppStore|iPhoneSimulator
		{DE974399-EDA7-461E-B3F0-ACBBAD94F063}.AppStore|iPhoneSimulator.Build.0 = AppStore|iPhoneSimulator
		{DE974399-EDA7-461E-B3F0-ACBBAD94F063}.AppStore|iPhoneSimulator.Deploy.0 = AppStore|iPhoneSimulator
		{DE974399-EDA7-461E-B3F0-ACBBAD94F063}.AppStore|x64.ActiveCfg = AppStore|iPhone
		{DE974399-EDA7-461E-B3F0-ACBBAD94F063}.AppStore|x64.Build.0 = AppStore|iPhone
		{DE974399-EDA7-461E-B3F0-ACBBAD94F063}.AppStore|x64.Deploy.0 = AppStore|iPhone
		{DE974399-EDA7-461E-B3F0-ACBBAD94F063}.AppStore|x86.ActiveCfg = AppStore|iPhone
		{DE974399-EDA7-461E-B3F0-ACBBAD94F063}.AppStore|x86.Build.0 = AppStore|iPhone
		{DE974399-EDA7-461E-B3F0-ACBBAD94F063}.AppStore|x86.Deploy.0 = AppStore|iPhone
		{DE974399-EDA7-461E-B3F0-ACBBAD94F063}.Debug|Any CPU.ActiveCfg = Debug|iPhoneSimulator
		{DE974399-EDA7-461E-B3F0-ACBBAD94F063}.Debug|Any CPU.Build.0 = Debug|iPhoneSimulator
		{DE974399-EDA7-461E-B3F0-ACBBAD94F063}.Debug|Any CPU.Deploy.0 = Debug|iPhoneSimulator
		{DE974399-EDA7-461E-B3F0-ACBBAD94F063}.Debug|ARM.ActiveCfg = Debug|iPhone
		{DE974399-EDA7-461E-B3F0-ACBBAD94F063}.Debug|ARM.Build.0 = Debug|iPhone
		{DE974399-EDA7-461E-B3F0-ACBBAD94F063}.Debug|ARM.Deploy.0 = Debug|iPhone
		{DE974399-EDA7-461E-B3F0-ACBBAD94F063}.Debug|iPhone.ActiveCfg = Debug|iPhone
		{DE974399-EDA7-461E-B3F0-ACBBAD94F063}.Debug|iPhone.Build.0 = Debug|iPhone
		{DE974399-EDA7-461E-B3F0-ACBBAD94F063}.Debug|iPhone.Deploy.0 = Debug|iPhone
		{DE974399-EDA7-461E-B3F0-ACBBAD94F063}.Debug|iPhoneSimulator.ActiveCfg = Debug|iPhoneSimulator
		{DE974399-EDA7-461E-B3F0-ACBBAD94F063}.Debug|iPhoneSimulator.Build.0 = Debug|iPhoneSimulator
		{DE974399-EDA7-461E-B3F0-ACBBAD94F063}.Debug|iPhoneSimulator.Deploy.0 = Debug|iPhoneSimulator
		{DE974399-EDA7-461E-B3F0-ACBBAD94F063}.Debug|x64.ActiveCfg = Debug|iPhone
		{DE974399-EDA7-461E-B3F0-ACBBAD94F063}.Debug|x64.Build.0 = Debug|iPhone
		{DE974399-EDA7-461E-B3F0-ACBBAD94F063}.Debug|x64.Deploy.0 = Debug|iPhone
		{DE974399-EDA7-461E-B3F0-ACBBAD94F063}.Debug|x86.ActiveCfg = Debug|iPhone
		{DE974399-EDA7-461E-B3F0-ACBBAD94F063}.Debug|x86.Build.0 = Debug|iPhone
		{DE974399-EDA7-461E-B3F0-ACBBAD94F063}.Debug|x86.Deploy.0 = Debug|iPhone
		{DE974399-EDA7-461E-B3F0-ACBBAD94F063}.Release|Any CPU.ActiveCfg = Release|iPhone
		{DE974399-EDA7-461E-B3F0-ACBBAD94F063}.Release|Any CPU.Build.0 = Release|iPhone
		{DE974399-EDA7-461E-B3F0-ACBBAD94F063}.Release|Any CPU.Deploy.0 = Release|iPhone
		{DE974399-EDA7-461E-B3F0-ACBBAD94F063}.Release|ARM.ActiveCfg = Release|iPhone
		{DE974399-EDA7-461E-B3F0-ACBBAD94F063}.Release|ARM.Build.0 = Release|iPhone
		{DE974399-EDA7-461E-B3F0-ACBBAD94F063}.Release|ARM.Deploy.0 = Release|iPhone
		{DE974399-EDA7-461E-B3F0-ACBBAD94F063}.Release|iPhone.ActiveCfg = Release|iPhone
		{DE974399-EDA7-461E-B3F0-ACBBAD94F063}.Release|iPhone.Build.0 = Release|iPhone
		{DE974399-EDA7-461E-B3F0-ACBBAD94F063}.Release|iPhone.Deploy.0 = Release|iPhone
		{DE974399-EDA7-461E-B3F0-ACBBAD94F063}.Release|iPhoneSimulator.ActiveCfg = Release|iPhoneSimulator
		{DE974399-EDA7-461E-B3F0-ACBBAD94F063}.Release|iPhoneSimulator.Build.0 = Release|iPhoneSimulator
		{DE974399-EDA7-461E-B3F0-ACBBAD94F063}.Release|iPhoneSimulator.Deploy.0 = Release|iPhoneSimulator
		{DE974399-EDA7-461E-B3F0-ACBBAD94F063}.Release|x64.ActiveCfg = Release|iPhone
		{DE974399-EDA7-461E-B3F0-ACBBAD94F063}.Release|x64.Build.0 = Release|iPhone
		{DE974399-EDA7-461E-B3F0-ACBBAD94F063}.Release|x64.Deploy.0 = Release|iPhone
		{DE974399-EDA7-461E-B3F0-ACBBAD94F063}.Release|x86.ActiveCfg = Release|iPhone
		{DE974399-EDA7-461E-B3F0-ACBBAD94F063}.Release|x86.Build.0 = Release|iPhone
		{DE974399-EDA7-461E-B3F0-ACBBAD94F063}.Release|x86.Deploy.0 = Release|iPhone
		{EDB68110-D0DA-4958-9F3A-D82E77E65886}.Ad-Hoc|Any CPU.ActiveCfg = Release|x86
		{EDB68110-D0DA-4958-9F3A-D82E77E65886}.Ad-Hoc|Any CPU.Build.0 = Release|x86
		{EDB68110-D0DA-4958-9F3A-D82E77E65886}.Ad-Hoc|Any CPU.Deploy.0 = Release|x86
		{EDB68110-D0DA-4958-9F3A-D82E77E65886}.Ad-Hoc|ARM.ActiveCfg = Release|ARM
		{EDB68110-D0DA-4958-9F3A-D82E77E65886}.Ad-Hoc|ARM.Build.0 = Release|ARM
		{EDB68110-D0DA-4958-9F3A-D82E77E65886}.Ad-Hoc|ARM.Deploy.0 = Release|ARM
		{EDB68110-D0DA-4958-9F3A-D82E77E65886}.Ad-Hoc|iPhone.ActiveCfg = Release|x86
		{EDB68110-D0DA-4958-9F3A-D82E77E65886}.Ad-Hoc|iPhone.Build.0 = Release|x86
		{EDB68110-D0DA-4958-9F3A-D82E77E65886}.Ad-Hoc|iPhone.Deploy.0 = Release|x86
		{EDB68110-D0DA-4958-9F3A-D82E77E65886}.Ad-Hoc|iPhoneSimulator.ActiveCfg = Release|x86
		{EDB68110-D0DA-4958-9F3A-D82E77E65886}.Ad-Hoc|iPhoneSimulator.Build.0 = Release|x86
		{EDB68110-D0DA-4958-9F3A-D82E77E65886}.Ad-Hoc|iPhoneSimulator.Deploy.0 = Release|x86
		{EDB68110-D0DA-4958-9F3A-D82E77E65886}.Ad-Hoc|x64.ActiveCfg = Release|x64
		{EDB68110-D0DA-4958-9F3A-D82E77E65886}.Ad-Hoc|x64.Build.0 = Release|x64
		{EDB68110-D0DA-4958-9F3A-D82E77E65886}.Ad-Hoc|x64.Deploy.0 = Release|x64
		{EDB68110-D0DA-4958-9F3A-D82E77E65886}.Ad-Hoc|x86.ActiveCfg = Release|x86
		{EDB68110-D0DA-4958-9F3A-D82E77E65886}.Ad-Hoc|x86.Build.0 = Release|x86
		{EDB68110-D0DA-4958-9F3A-D82E77E65886}.Ad-Hoc|x86.Deploy.0 = Release|x86
		{EDB68110-D0DA-4958-9F3A-D82E77E65886}.AppStore|Any CPU.ActiveCfg = Release|x86
		{EDB68110-D0DA-4958-9F3A-D82E77E65886}.AppStore|Any CPU.Build.0 = Release|x86
		{EDB68110-D0DA-4958-9F3A-D82E77E65886}.AppStore|Any CPU.Deploy.0 = Release|x86
		{EDB68110-D0DA-4958-9F3A-D82E77E65886}.AppStore|ARM.ActiveCfg = Release|ARM
		{EDB68110-D0DA-4958-9F3A-D82E77E65886}.AppStore|ARM.Build.0 = Release|ARM
		{EDB68110-D0DA-4958-9F3A-D82E77E65886}.AppStore|ARM.Deploy.0 = Release|ARM
		{EDB68110-D0DA-4958-9F3A-D82E77E65886}.AppStore|iPhone.ActiveCfg = Release|x86
		{EDB68110-D0DA-4958-9F3A-D82E77E65886}.AppStore|iPhone.Build.0 = Release|x86
		{EDB68110-D0DA-4958-9F3A-D82E77E65886}.AppStore|iPhone.Deploy.0 = Release|x86
		{EDB68110-D0DA-4958-9F3A-D82E77E65886}.AppStore|iPhoneSimulator.ActiveCfg = Release|x86
		{EDB68110-D0DA-4958-9F3A-D82E77E65886}.AppStore|iPhoneSimulator.Build.0 = Release|x86
		{EDB68110-D0DA-4958-9F3A-D82E77E65886}.AppStore|iPhoneSimulator.Deploy.0 = Release|x86
		{EDB68110-D0DA-4958-9F3A-D82E77E65886}.AppStore|x64.ActiveCfg = Release|x64
		{EDB68110-D0DA-4958-9F3A-D82E77E65886}.AppStore|x64.Build.0 = Release|x64
		{EDB68110-D0DA-4958-9F3A-D82E77E65886}.AppStore|x64.Deploy.0 = Release|x64
		{EDB68110-D0DA-4958-9F3A-D82E77E65886}.AppStore|x86.ActiveCfg = Release|x86
		{EDB68110-D0DA-4958-9F3A-D82E77E65886}.AppStore|x86.Build.0 = Release|x86
		{EDB68110-D0DA-4958-9F3A-D82E77E65886}.AppStore|x86.Deploy.0 = Release|x86
		{EDB68110-D0DA-4958-9F3A-D82E77E65886}.Debug|Any CPU.ActiveCfg = Debug|x86
		{EDB68110-D0DA-4958-9F3A-D82E77E65886}.Debug|Any CPU.Build.0 = Debug|x86
		{EDB68110-D0DA-4958-9F3A-D82E77E65886}.Debug|Any CPU.Deploy.0 = Debug|x86
		{EDB68110-D0DA-4958-9F3A-D82E77E65886}.Debug|ARM.ActiveCfg = Debug|ARM
		{EDB68110-D0DA-4958-9F3A-D82E77E65886}.Debug|ARM.Build.0 = Debug|ARM
		{EDB68110-D0DA-4958-9F3A-D82E77E65886}.Debug|ARM.Deploy.0 = Debug|ARM
		{EDB68110-D0DA-4958-9F3A-D82E77E65886}.Debug|iPhone.ActiveCfg = Debug|x86
		{EDB68110-D0DA-4958-9F3A-D82E77E65886}.Debug|iPhone.Build.0 = Debug|x86
		{EDB68110-D0DA-4958-9F3A-D82E77E65886}.Debug|iPhone.Deploy.0 = Debug|x86
		{EDB68110-D0DA-4958-9F3A-D82E77E65886}.Debug|iPhoneSimulator.ActiveCfg = Debug|x86
		{EDB68110-D0DA-4958-9F3A-D82E77E65886}.Debug|iPhoneSimulator.Build.0 = Debug|x86
		{EDB68110-D0DA-4958-9F3A-D82E77E65886}.Debug|iPhoneSimulator.Deploy.0 = Debug|x86
		{EDB68110-D0DA-4958-9F3A-D82E77E65886}.Debug|x64.ActiveCfg = Debug|x64
		{EDB68110-D0DA-4958-9F3A-D82E77E65886}.Debug|x64.Build.0 = Debug|x64
		{EDB68110-D0DA-4958-9F3A-D82E77E65886}.Debug|x64.Deploy.0 = Debug|x64
		{EDB68110-D0DA-4958-9F3A-D82E77E65886}.Debug|x86.ActiveCfg = Debug|x86
		{EDB68110-D0DA-4958-9F3A-D82E77E65886}.Debug|x86.Build.0 = Debug|x86
		{EDB68110-D0DA-4958-9F3A-D82E77E65886}.Debug|x86.Deploy.0 = Debug|x86
		{EDB68110-D0DA-4958-9F3A-D82E77E65886}.Release|Any CPU.ActiveCfg = Release|x86
		{EDB68110-D0DA-4958-9F3A-D82E77E65886}.Release|Any CPU.Build.0 = Release|x86
		{EDB68110-D0DA-4958-9F3A-D82E77E65886}.Release|Any CPU.Deploy.0 = Release|x86
		{EDB68110-D0DA-4958-9F3A-D82E77E65886}.Release|ARM.ActiveCfg = Release|ARM
		{EDB68110-D0DA-4958-9F3A-D82E77E65886}.Release|ARM.Build.0 = Release|ARM
		{EDB68110-D0DA-4958-9F3A-D82E77E65886}.Release|ARM.Deploy.0 = Release|ARM
		{EDB68110-D0DA-4958-9F3A-D82E77E65886}.Release|iPhone.ActiveCfg = Release|x86
		{EDB68110-D0DA-4958-9F3A-D82E77E65886}.Release|iPhone.Build.0 = Release|x86
		{EDB68110-D0DA-4958-9F3A-D82E77E65886}.Release|iPhone.Deploy.0 = Release|x86
		{EDB68110-D0DA-4958-9F3A-D82E77E65886}.Release|iPhoneSimulator.ActiveCfg = Release|x86
		{EDB68110-D0DA-4958-9F3A-D82E77E65886}.Release|iPhoneSimulator.Build.0 = Release|x86
		{EDB68110-D0DA-4958-9F3A-D82E77E65886}.Release|iPhoneSimulator.Deploy.0 = Release|x86
		{EDB68110-D0DA-4958-9F3A-D82E77E65886}.Release|x64.ActiveCfg = Release|x64
		{EDB68110-D0DA-4958-9F3A-D82E77E65886}.Release|x64.Build.0 = Release|x64
		{EDB68110-D0DA-4958-9F3A-D82E77E65886}.Release|x64.Deploy.0 = Release|x64
		{EDB68110-D0DA-4958-9F3A-D82E77E65886}.Release|x86.ActiveCfg = Release|x86
		{EDB68110-D0DA-4958-9F3A-D82E77E65886}.Release|x86.Build.0 = Release|x86
		{EDB68110-D0DA-4958-9F3A-D82E77E65886}.Release|x86.Deploy.0 = Release|x86
		{D2D5FF83-1474-4089-9FDB-0D2D095FB8BA}.Ad-Hoc|Any CPU.ActiveCfg = Debug|Any CPU
		{D2D5FF83-1474-4089-9FDB-0D2D095FB8BA}.Ad-Hoc|Any CPU.Build.0 = Debug|Any CPU
		{D2D5FF83-1474-4089-9FDB-0D2D095FB8BA}.Ad-Hoc|Any CPU.Deploy.0 = Debug|Any CPU
		{D2D5FF83-1474-4089-9FDB-0D2D095FB8BA}.Ad-Hoc|ARM.ActiveCfg = Debug|Any CPU
		{D2D5FF83-1474-4089-9FDB-0D2D095FB8BA}.Ad-Hoc|ARM.Build.0 = Debug|Any CPU
		{D2D5FF83-1474-4089-9FDB-0D2D095FB8BA}.Ad-Hoc|ARM.Deploy.0 = Debug|Any CPU
		{D2D5FF83-1474-4089-9FDB-0D2D095FB8BA}.Ad-Hoc|iPhone.ActiveCfg = Debug|Any CPU
		{D2D5FF83-1474-4089-9FDB-0D2D095FB8BA}.Ad-Hoc|iPhone.Build.0 = Debug|Any CPU
		{D2D5FF83-1474-4089-9FDB-0D2D095FB8BA}.Ad-Hoc|iPhone.Deploy.0 = Debug|Any CPU
		{D2D5FF83-1474-4089-9FDB-0D2D095FB8BA}.Ad-Hoc|iPhoneSimulator.ActiveCfg = Debug|Any CPU
		{D2D5FF83-1474-4089-9FDB-0D2D095FB8BA}.Ad-Hoc|iPhoneSimulator.Build.0 = Debug|Any CPU
		{D2D5FF83-1474-4089-9FDB-0D2D095FB8BA}.Ad-Hoc|iPhoneSimulator.Deploy.0 = Debug|Any CPU
		{D2D5FF83-1474-4089-9FDB-0D2D095FB8BA}.Ad-Hoc|x64.ActiveCfg = Debug|Any CPU
		{D2D5FF83-1474-4089-9FDB-0D2D095FB8BA}.Ad-Hoc|x64.Build.0 = Debug|Any CPU
		{D2D5FF83-1474-4089-9FDB-0D2D095FB8BA}.Ad-Hoc|x64.Deploy.0 = Debug|Any CPU
		{D2D5FF83-1474-4089-9FDB-0D2D095FB8BA}.Ad-Hoc|x86.ActiveCfg = Debug|Any CPU
		{D2D5FF83-1474-4089-9FDB-0D2D095FB8BA}.Ad-Hoc|x86.Build.0 = Debug|Any CPU
		{D2D5FF83-1474-4089-9FDB-0D2D095FB8BA}.Ad-Hoc|x86.Deploy.0 = Debug|Any CPU
		{D2D5FF83-1474-4089-9FDB-0D2D095FB8BA}.AppStore|Any CPU.ActiveCfg = Debug|Any CPU
		{D2D5FF83-1474-4089-9FDB-0D2D095FB8BA}.AppStore|Any CPU.Build.0 = Debug|Any CPU
		{D2D5FF83-1474-4089-9FDB-0D2D095FB8BA}.AppStore|Any CPU.Deploy.0 = Debug|Any CPU
		{D2D5FF83-1474-4089-9FDB-0D2D095FB8BA}.AppStore|ARM.ActiveCfg = Debug|Any CPU
		{D2D5FF83-1474-4089-9FDB-0D2D095FB8BA}.AppStore|ARM.Build.0 = Debug|Any CPU
		{D2D5FF83-1474-4089-9FDB-0D2D095FB8BA}.AppStore|ARM.Deploy.0 = Debug|Any CPU
		{D2D5FF83-1474-4089-9FDB-0D2D095FB8BA}.AppStore|iPhone.ActiveCfg = Debug|Any CPU
		{D2D5FF83-1474-4089-9FDB-0D2D095FB8BA}.AppStore|iPhone.Build.0 = Debug|Any CPU
		{D2D5FF83-1474-4089-9FDB-0D2D095FB8BA}.AppStore|iPhone.Deploy.0 = Debug|Any CPU
		{D2D5FF83-1474-4089-9FDB-0D2D095FB8BA}.AppStore|iPhoneSimulator.ActiveCfg = Debug|Any CPU
		{D2D5FF83-1474-4089-9FDB-0D2D095FB8BA}.AppStore|iPhoneSimulator.Build.0 = Debug|Any CPU
		{D2D5FF83-1474-4089-9FDB-0D2D095FB8BA}.AppStore|iPhoneSimulator.Deploy.0 = Debug|Any CPU
		{D2D5FF83-1474-4089-9FDB-0D2D095FB8BA}.AppStore|x64.ActiveCfg = Debug|Any CPU
		{D2D5FF83-1474-4089-9FDB-0D2D095FB8BA}.AppStore|x64.Build.0 = Debug|Any CPU
		{D2D5FF83-1474-4089-9FDB-0D2D095FB8BA}.AppStore|x64.Deploy.0 = Debug|Any CPU
		{D2D5FF83-1474-4089-9FDB-0D2D095FB8BA}.AppStore|x86.ActiveCfg = Debug|Any CPU
		{D2D5FF83-1474-4089-9FDB-0D2D095FB8BA}.AppStore|x86.Build.0 = Debug|Any CPU
		{D2D5FF83-1474-4089-9FDB-0D2D095FB8BA}.AppStore|x86.Deploy.0 = Debug|Any CPU
		{D2D5FF83-1474-4089-9FDB-0D2D095FB8BA}.Debug|Any CPU.ActiveCfg = Debug|Any CPU
		{D2D5FF83-1474-4089-9FDB-0D2D095FB8BA}.Debug|Any CPU.Build.0 = Debug|Any CPU
		{D2D5FF83-1474-4089-9FDB-0D2D095FB8BA}.Debug|Any CPU.Deploy.0 = Debug|Any CPU
		{D2D5FF83-1474-4089-9FDB-0D2D095FB8BA}.Debug|ARM.ActiveCfg = Debug|Any CPU
		{D2D5FF83-1474-4089-9FDB-0D2D095FB8BA}.Debug|ARM.Build.0 = Debug|Any CPU
		{D2D5FF83-1474-4089-9FDB-0D2D095FB8BA}.Debug|ARM.Deploy.0 = Debug|Any CPU
		{D2D5FF83-1474-4089-9FDB-0D2D095FB8BA}.Debug|iPhone.ActiveCfg = Debug|Any CPU
		{D2D5FF83-1474-4089-9FDB-0D2D095FB8BA}.Debug|iPhone.Build.0 = Debug|Any CPU
		{D2D5FF83-1474-4089-9FDB-0D2D095FB8BA}.Debug|iPhone.Deploy.0 = Debug|Any CPU
		{D2D5FF83-1474-4089-9FDB-0D2D095FB8BA}.Debug|iPhoneSimulator.ActiveCfg = Debug|Any CPU
		{D2D5FF83-1474-4089-9FDB-0D2D095FB8BA}.Debug|iPhoneSimulator.Build.0 = Debug|Any CPU
		{D2D5FF83-1474-4089-9FDB-0D2D095FB8BA}.Debug|iPhoneSimulator.Deploy.0 = Debug|Any CPU
		{D2D5FF83-1474-4089-9FDB-0D2D095FB8BA}.Debug|x64.ActiveCfg = Debug|Any CPU
		{D2D5FF83-1474-4089-9FDB-0D2D095FB8BA}.Debug|x64.Build.0 = Debug|Any CPU
		{D2D5FF83-1474-4089-9FDB-0D2D095FB8BA}.Debug|x64.Deploy.0 = Debug|Any CPU
		{D2D5FF83-1474-4089-9FDB-0D2D095FB8BA}.Debug|x86.ActiveCfg = Debug|Any CPU
		{D2D5FF83-1474-4089-9FDB-0D2D095FB8BA}.Debug|x86.Build.0 = Debug|Any CPU
		{D2D5FF83-1474-4089-9FDB-0D2D095FB8BA}.Debug|x86.Deploy.0 = Debug|Any CPU
		{D2D5FF83-1474-4089-9FDB-0D2D095FB8BA}.Release|Any CPU.ActiveCfg = Release|Any CPU
		{D2D5FF83-1474-4089-9FDB-0D2D095FB8BA}.Release|Any CPU.Build.0 = Release|Any CPU
		{D2D5FF83-1474-4089-9FDB-0D2D095FB8BA}.Release|Any CPU.Deploy.0 = Release|Any CPU
		{D2D5FF83-1474-4089-9FDB-0D2D095FB8BA}.Release|ARM.ActiveCfg = Release|Any CPU
		{D2D5FF83-1474-4089-9FDB-0D2D095FB8BA}.Release|ARM.Build.0 = Release|Any CPU
		{D2D5FF83-1474-4089-9FDB-0D2D095FB8BA}.Release|ARM.Deploy.0 = Release|Any CPU
		{D2D5FF83-1474-4089-9FDB-0D2D095FB8BA}.Release|iPhone.ActiveCfg = Release|Any CPU
		{D2D5FF83-1474-4089-9FDB-0D2D095FB8BA}.Release|iPhone.Build.0 = Release|Any CPU
		{D2D5FF83-1474-4089-9FDB-0D2D095FB8BA}.Release|iPhone.Deploy.0 = Release|Any CPU
		{D2D5FF83-1474-4089-9FDB-0D2D095FB8BA}.Release|iPhoneSimulator.ActiveCfg = Release|Any CPU
		{D2D5FF83-1474-4089-9FDB-0D2D095FB8BA}.Release|iPhoneSimulator.Build.0 = Release|Any CPU
		{D2D5FF83-1474-4089-9FDB-0D2D095FB8BA}.Release|iPhoneSimulator.Deploy.0 = Release|Any CPU
		{D2D5FF83-1474-4089-9FDB-0D2D095FB8BA}.Release|x64.ActiveCfg = Release|Any CPU
		{D2D5FF83-1474-4089-9FDB-0D2D095FB8BA}.Release|x64.Build.0 = Release|Any CPU
		{D2D5FF83-1474-4089-9FDB-0D2D095FB8BA}.Release|x64.Deploy.0 = Release|Any CPU
		{D2D5FF83-1474-4089-9FDB-0D2D095FB8BA}.Release|x86.ActiveCfg = Release|Any CPU
		{D2D5FF83-1474-4089-9FDB-0D2D095FB8BA}.Release|x86.Build.0 = Release|Any CPU
		{D2D5FF83-1474-4089-9FDB-0D2D095FB8BA}.Release|x86.Deploy.0 = Release|Any CPU
		{10CC7F3B-F43A-4256-8D88-CE0E99475AEB}.Ad-Hoc|Any CPU.ActiveCfg = Debug|Any CPU
		{10CC7F3B-F43A-4256-8D88-CE0E99475AEB}.Ad-Hoc|Any CPU.Build.0 = Debug|Any CPU
		{10CC7F3B-F43A-4256-8D88-CE0E99475AEB}.Ad-Hoc|ARM.ActiveCfg = Debug|Any CPU
		{10CC7F3B-F43A-4256-8D88-CE0E99475AEB}.Ad-Hoc|ARM.Build.0 = Debug|Any CPU
		{10CC7F3B-F43A-4256-8D88-CE0E99475AEB}.Ad-Hoc|iPhone.ActiveCfg = Debug|Any CPU
		{10CC7F3B-F43A-4256-8D88-CE0E99475AEB}.Ad-Hoc|iPhone.Build.0 = Debug|Any CPU
		{10CC7F3B-F43A-4256-8D88-CE0E99475AEB}.Ad-Hoc|iPhoneSimulator.ActiveCfg = Debug|Any CPU
		{10CC7F3B-F43A-4256-8D88-CE0E99475AEB}.Ad-Hoc|iPhoneSimulator.Build.0 = Debug|Any CPU
		{10CC7F3B-F43A-4256-8D88-CE0E99475AEB}.Ad-Hoc|x64.ActiveCfg = Debug|Any CPU
		{10CC7F3B-F43A-4256-8D88-CE0E99475AEB}.Ad-Hoc|x64.Build.0 = Debug|Any CPU
		{10CC7F3B-F43A-4256-8D88-CE0E99475AEB}.Ad-Hoc|x86.ActiveCfg = Debug|Any CPU
		{10CC7F3B-F43A-4256-8D88-CE0E99475AEB}.Ad-Hoc|x86.Build.0 = Debug|Any CPU
		{10CC7F3B-F43A-4256-8D88-CE0E99475AEB}.AppStore|Any CPU.ActiveCfg = Debug|Any CPU
		{10CC7F3B-F43A-4256-8D88-CE0E99475AEB}.AppStore|Any CPU.Build.0 = Debug|Any CPU
		{10CC7F3B-F43A-4256-8D88-CE0E99475AEB}.AppStore|ARM.ActiveCfg = Debug|Any CPU
		{10CC7F3B-F43A-4256-8D88-CE0E99475AEB}.AppStore|ARM.Build.0 = Debug|Any CPU
		{10CC7F3B-F43A-4256-8D88-CE0E99475AEB}.AppStore|iPhone.ActiveCfg = Debug|Any CPU
		{10CC7F3B-F43A-4256-8D88-CE0E99475AEB}.AppStore|iPhone.Build.0 = Debug|Any CPU
		{10CC7F3B-F43A-4256-8D88-CE0E99475AEB}.AppStore|iPhoneSimulator.ActiveCfg = Debug|Any CPU
		{10CC7F3B-F43A-4256-8D88-CE0E99475AEB}.AppStore|iPhoneSimulator.Build.0 = Debug|Any CPU
		{10CC7F3B-F43A-4256-8D88-CE0E99475AEB}.AppStore|x64.ActiveCfg = Debug|Any CPU
		{10CC7F3B-F43A-4256-8D88-CE0E99475AEB}.AppStore|x64.Build.0 = Debug|Any CPU
		{10CC7F3B-F43A-4256-8D88-CE0E99475AEB}.AppStore|x86.ActiveCfg = Debug|Any CPU
		{10CC7F3B-F43A-4256-8D88-CE0E99475AEB}.AppStore|x86.Build.0 = Debug|Any CPU
		{10CC7F3B-F43A-4256-8D88-CE0E99475AEB}.Debug|Any CPU.ActiveCfg = Debug|Any CPU
		{10CC7F3B-F43A-4256-8D88-CE0E99475AEB}.Debug|Any CPU.Build.0 = Debug|Any CPU
		{10CC7F3B-F43A-4256-8D88-CE0E99475AEB}.Debug|ARM.ActiveCfg = Debug|Any CPU
		{10CC7F3B-F43A-4256-8D88-CE0E99475AEB}.Debug|ARM.Build.0 = Debug|Any CPU
		{10CC7F3B-F43A-4256-8D88-CE0E99475AEB}.Debug|iPhone.ActiveCfg = Debug|Any CPU
		{10CC7F3B-F43A-4256-8D88-CE0E99475AEB}.Debug|iPhone.Build.0 = Debug|Any CPU
		{10CC7F3B-F43A-4256-8D88-CE0E99475AEB}.Debug|iPhoneSimulator.ActiveCfg = Debug|Any CPU
		{10CC7F3B-F43A-4256-8D88-CE0E99475AEB}.Debug|iPhoneSimulator.Build.0 = Debug|Any CPU
		{10CC7F3B-F43A-4256-8D88-CE0E99475AEB}.Debug|x64.ActiveCfg = Debug|Any CPU
		{10CC7F3B-F43A-4256-8D88-CE0E99475AEB}.Debug|x64.Build.0 = Debug|Any CPU
		{10CC7F3B-F43A-4256-8D88-CE0E99475AEB}.Debug|x86.ActiveCfg = Debug|Any CPU
		{10CC7F3B-F43A-4256-8D88-CE0E99475AEB}.Debug|x86.Build.0 = Debug|Any CPU
		{10CC7F3B-F43A-4256-8D88-CE0E99475AEB}.Release|Any CPU.ActiveCfg = Release|Any CPU
		{10CC7F3B-F43A-4256-8D88-CE0E99475AEB}.Release|Any CPU.Build.0 = Release|Any CPU
		{10CC7F3B-F43A-4256-8D88-CE0E99475AEB}.Release|ARM.ActiveCfg = Release|Any CPU
		{10CC7F3B-F43A-4256-8D88-CE0E99475AEB}.Release|ARM.Build.0 = Release|Any CPU
		{10CC7F3B-F43A-4256-8D88-CE0E99475AEB}.Release|iPhone.ActiveCfg = Release|Any CPU
		{10CC7F3B-F43A-4256-8D88-CE0E99475AEB}.Release|iPhone.Build.0 = Release|Any CPU
		{10CC7F3B-F43A-4256-8D88-CE0E99475AEB}.Release|iPhoneSimulator.ActiveCfg = Release|Any CPU
		{10CC7F3B-F43A-4256-8D88-CE0E99475AEB}.Release|iPhoneSimulator.Build.0 = Release|Any CPU
		{10CC7F3B-F43A-4256-8D88-CE0E99475AEB}.Release|x64.ActiveCfg = Release|Any CPU
		{10CC7F3B-F43A-4256-8D88-CE0E99475AEB}.Release|x64.Build.0 = Release|Any CPU
		{10CC7F3B-F43A-4256-8D88-CE0E99475AEB}.Release|x86.ActiveCfg = Release|Any CPU
		{10CC7F3B-F43A-4256-8D88-CE0E99475AEB}.Release|x86.Build.0 = Release|Any CPU
		{7FF034DE-5ED5-4192-A91B-24D70367A0CF}.Ad-Hoc|Any CPU.ActiveCfg = Debug|Any CPU
		{7FF034DE-5ED5-4192-A91B-24D70367A0CF}.Ad-Hoc|Any CPU.Build.0 = Debug|Any CPU
		{7FF034DE-5ED5-4192-A91B-24D70367A0CF}.Ad-Hoc|ARM.ActiveCfg = Debug|Any CPU
		{7FF034DE-5ED5-4192-A91B-24D70367A0CF}.Ad-Hoc|ARM.Build.0 = Debug|Any CPU
		{7FF034DE-5ED5-4192-A91B-24D70367A0CF}.Ad-Hoc|iPhone.ActiveCfg = Debug|Any CPU
		{7FF034DE-5ED5-4192-A91B-24D70367A0CF}.Ad-Hoc|iPhone.Build.0 = Debug|Any CPU
		{7FF034DE-5ED5-4192-A91B-24D70367A0CF}.Ad-Hoc|iPhoneSimulator.ActiveCfg = Debug|Any CPU
		{7FF034DE-5ED5-4192-A91B-24D70367A0CF}.Ad-Hoc|iPhoneSimulator.Build.0 = Debug|Any CPU
		{7FF034DE-5ED5-4192-A91B-24D70367A0CF}.Ad-Hoc|x64.ActiveCfg = Debug|Any CPU
		{7FF034DE-5ED5-4192-A91B-24D70367A0CF}.Ad-Hoc|x64.Build.0 = Debug|Any CPU
		{7FF034DE-5ED5-4192-A91B-24D70367A0CF}.Ad-Hoc|x86.ActiveCfg = Debug|Any CPU
		{7FF034DE-5ED5-4192-A91B-24D70367A0CF}.Ad-Hoc|x86.Build.0 = Debug|Any CPU
		{7FF034DE-5ED5-4192-A91B-24D70367A0CF}.AppStore|Any CPU.ActiveCfg = Debug|Any CPU
		{7FF034DE-5ED5-4192-A91B-24D70367A0CF}.AppStore|Any CPU.Build.0 = Debug|Any CPU
		{7FF034DE-5ED5-4192-A91B-24D70367A0CF}.AppStore|ARM.ActiveCfg = Debug|Any CPU
		{7FF034DE-5ED5-4192-A91B-24D70367A0CF}.AppStore|ARM.Build.0 = Debug|Any CPU
		{7FF034DE-5ED5-4192-A91B-24D70367A0CF}.AppStore|iPhone.ActiveCfg = Debug|Any CPU
		{7FF034DE-5ED5-4192-A91B-24D70367A0CF}.AppStore|iPhone.Build.0 = Debug|Any CPU
		{7FF034DE-5ED5-4192-A91B-24D70367A0CF}.AppStore|iPhoneSimulator.ActiveCfg = Debug|Any CPU
		{7FF034DE-5ED5-4192-A91B-24D70367A0CF}.AppStore|iPhoneSimulator.Build.0 = Debug|Any CPU
		{7FF034DE-5ED5-4192-A91B-24D70367A0CF}.AppStore|x64.ActiveCfg = Debug|Any CPU
		{7FF034DE-5ED5-4192-A91B-24D70367A0CF}.AppStore|x64.Build.0 = Debug|Any CPU
		{7FF034DE-5ED5-4192-A91B-24D70367A0CF}.AppStore|x86.ActiveCfg = Debug|Any CPU
		{7FF034DE-5ED5-4192-A91B-24D70367A0CF}.AppStore|x86.Build.0 = Debug|Any CPU
		{7FF034DE-5ED5-4192-A91B-24D70367A0CF}.Debug|Any CPU.ActiveCfg = Debug|Any CPU
		{7FF034DE-5ED5-4192-A91B-24D70367A0CF}.Debug|Any CPU.Build.0 = Debug|Any CPU
		{7FF034DE-5ED5-4192-A91B-24D70367A0CF}.Debug|ARM.ActiveCfg = Debug|Any CPU
		{7FF034DE-5ED5-4192-A91B-24D70367A0CF}.Debug|ARM.Build.0 = Debug|Any CPU
		{7FF034DE-5ED5-4192-A91B-24D70367A0CF}.Debug|iPhone.ActiveCfg = Debug|Any CPU
		{7FF034DE-5ED5-4192-A91B-24D70367A0CF}.Debug|iPhone.Build.0 = Debug|Any CPU
		{7FF034DE-5ED5-4192-A91B-24D70367A0CF}.Debug|iPhoneSimulator.ActiveCfg = Debug|Any CPU
		{7FF034DE-5ED5-4192-A91B-24D70367A0CF}.Debug|iPhoneSimulator.Build.0 = Debug|Any CPU
		{7FF034DE-5ED5-4192-A91B-24D70367A0CF}.Debug|x64.ActiveCfg = Debug|Any CPU
		{7FF034DE-5ED5-4192-A91B-24D70367A0CF}.Debug|x64.Build.0 = Debug|Any CPU
		{7FF034DE-5ED5-4192-A91B-24D70367A0CF}.Debug|x86.ActiveCfg = Debug|Any CPU
		{7FF034DE-5ED5-4192-A91B-24D70367A0CF}.Debug|x86.Build.0 = Debug|Any CPU
		{7FF034DE-5ED5-4192-A91B-24D70367A0CF}.Release|Any CPU.ActiveCfg = Release|Any CPU
		{7FF034DE-5ED5-4192-A91B-24D70367A0CF}.Release|Any CPU.Build.0 = Release|Any CPU
		{7FF034DE-5ED5-4192-A91B-24D70367A0CF}.Release|ARM.ActiveCfg = Release|Any CPU
		{7FF034DE-5ED5-4192-A91B-24D70367A0CF}.Release|ARM.Build.0 = Release|Any CPU
		{7FF034DE-5ED5-4192-A91B-24D70367A0CF}.Release|iPhone.ActiveCfg = Release|Any CPU
		{7FF034DE-5ED5-4192-A91B-24D70367A0CF}.Release|iPhone.Build.0 = Release|Any CPU
		{7FF034DE-5ED5-4192-A91B-24D70367A0CF}.Release|iPhoneSimulator.ActiveCfg = Release|Any CPU
		{7FF034DE-5ED5-4192-A91B-24D70367A0CF}.Release|iPhoneSimulator.Build.0 = Release|Any CPU
		{7FF034DE-5ED5-4192-A91B-24D70367A0CF}.Release|x64.ActiveCfg = Release|Any CPU
		{7FF034DE-5ED5-4192-A91B-24D70367A0CF}.Release|x64.Build.0 = Release|Any CPU
		{7FF034DE-5ED5-4192-A91B-24D70367A0CF}.Release|x86.ActiveCfg = Release|Any CPU
		{7FF034DE-5ED5-4192-A91B-24D70367A0CF}.Release|x86.Build.0 = Release|Any CPU
		{A1475C81-DD12-4399-9122-859A37AF4608}.Ad-Hoc|Any CPU.ActiveCfg = Debug|Any CPU
		{A1475C81-DD12-4399-9122-859A37AF4608}.Ad-Hoc|Any CPU.Build.0 = Debug|Any CPU
		{A1475C81-DD12-4399-9122-859A37AF4608}.Ad-Hoc|ARM.ActiveCfg = Debug|Any CPU
		{A1475C81-DD12-4399-9122-859A37AF4608}.Ad-Hoc|ARM.Build.0 = Debug|Any CPU
		{A1475C81-DD12-4399-9122-859A37AF4608}.Ad-Hoc|iPhone.ActiveCfg = Debug|Any CPU
		{A1475C81-DD12-4399-9122-859A37AF4608}.Ad-Hoc|iPhone.Build.0 = Debug|Any CPU
		{A1475C81-DD12-4399-9122-859A37AF4608}.Ad-Hoc|iPhoneSimulator.ActiveCfg = Debug|Any CPU
		{A1475C81-DD12-4399-9122-859A37AF4608}.Ad-Hoc|iPhoneSimulator.Build.0 = Debug|Any CPU
		{A1475C81-DD12-4399-9122-859A37AF4608}.Ad-Hoc|x64.ActiveCfg = Debug|Any CPU
		{A1475C81-DD12-4399-9122-859A37AF4608}.Ad-Hoc|x64.Build.0 = Debug|Any CPU
		{A1475C81-DD12-4399-9122-859A37AF4608}.Ad-Hoc|x86.ActiveCfg = Debug|Any CPU
		{A1475C81-DD12-4399-9122-859A37AF4608}.Ad-Hoc|x86.Build.0 = Debug|Any CPU
		{A1475C81-DD12-4399-9122-859A37AF4608}.AppStore|Any CPU.ActiveCfg = Debug|Any CPU
		{A1475C81-DD12-4399-9122-859A37AF4608}.AppStore|Any CPU.Build.0 = Debug|Any CPU
		{A1475C81-DD12-4399-9122-859A37AF4608}.AppStore|ARM.ActiveCfg = Debug|Any CPU
		{A1475C81-DD12-4399-9122-859A37AF4608}.AppStore|ARM.Build.0 = Debug|Any CPU
		{A1475C81-DD12-4399-9122-859A37AF4608}.AppStore|iPhone.ActiveCfg = Debug|Any CPU
		{A1475C81-DD12-4399-9122-859A37AF4608}.AppStore|iPhone.Build.0 = Debug|Any CPU
		{A1475C81-DD12-4399-9122-859A37AF4608}.AppStore|iPhoneSimulator.ActiveCfg = Debug|Any CPU
		{A1475C81-DD12-4399-9122-859A37AF4608}.AppStore|iPhoneSimulator.Build.0 = Debug|Any CPU
		{A1475C81-DD12-4399-9122-859A37AF4608}.AppStore|x64.ActiveCfg = Debug|Any CPU
		{A1475C81-DD12-4399-9122-859A37AF4608}.AppStore|x64.Build.0 = Debug|Any CPU
		{A1475C81-DD12-4399-9122-859A37AF4608}.AppStore|x86.ActiveCfg = Debug|Any CPU
		{A1475C81-DD12-4399-9122-859A37AF4608}.AppStore|x86.Build.0 = Debug|Any CPU
		{A1475C81-DD12-4399-9122-859A37AF4608}.Debug|Any CPU.ActiveCfg = Debug|Any CPU
		{A1475C81-DD12-4399-9122-859A37AF4608}.Debug|Any CPU.Build.0 = Debug|Any CPU
		{A1475C81-DD12-4399-9122-859A37AF4608}.Debug|ARM.ActiveCfg = Debug|Any CPU
		{A1475C81-DD12-4399-9122-859A37AF4608}.Debug|ARM.Build.0 = Debug|Any CPU
		{A1475C81-DD12-4399-9122-859A37AF4608}.Debug|iPhone.ActiveCfg = Debug|Any CPU
		{A1475C81-DD12-4399-9122-859A37AF4608}.Debug|iPhone.Build.0 = Debug|Any CPU
		{A1475C81-DD12-4399-9122-859A37AF4608}.Debug|iPhoneSimulator.ActiveCfg = Debug|Any CPU
		{A1475C81-DD12-4399-9122-859A37AF4608}.Debug|iPhoneSimulator.Build.0 = Debug|Any CPU
		{A1475C81-DD12-4399-9122-859A37AF4608}.Debug|x64.ActiveCfg = Debug|Any CPU
		{A1475C81-DD12-4399-9122-859A37AF4608}.Debug|x64.Build.0 = Debug|Any CPU
		{A1475C81-DD12-4399-9122-859A37AF4608}.Debug|x86.ActiveCfg = Debug|Any CPU
		{A1475C81-DD12-4399-9122-859A37AF4608}.Debug|x86.Build.0 = Debug|Any CPU
		{A1475C81-DD12-4399-9122-859A37AF4608}.Release|Any CPU.ActiveCfg = Release|Any CPU
		{A1475C81-DD12-4399-9122-859A37AF4608}.Release|Any CPU.Build.0 = Release|Any CPU
		{A1475C81-DD12-4399-9122-859A37AF4608}.Release|ARM.ActiveCfg = Release|Any CPU
		{A1475C81-DD12-4399-9122-859A37AF4608}.Release|ARM.Build.0 = Release|Any CPU
		{A1475C81-DD12-4399-9122-859A37AF4608}.Release|iPhone.ActiveCfg = Release|Any CPU
		{A1475C81-DD12-4399-9122-859A37AF4608}.Release|iPhone.Build.0 = Release|Any CPU
		{A1475C81-DD12-4399-9122-859A37AF4608}.Release|iPhoneSimulator.ActiveCfg = Release|Any CPU
		{A1475C81-DD12-4399-9122-859A37AF4608}.Release|iPhoneSimulator.Build.0 = Release|Any CPU
		{A1475C81-DD12-4399-9122-859A37AF4608}.Release|x64.ActiveCfg = Release|Any CPU
		{A1475C81-DD12-4399-9122-859A37AF4608}.Release|x64.Build.0 = Release|Any CPU
		{A1475C81-DD12-4399-9122-859A37AF4608}.Release|x86.ActiveCfg = Release|Any CPU
		{A1475C81-DD12-4399-9122-859A37AF4608}.Release|x86.Build.0 = Release|Any CPU
		{F6D57445-2004-4A90-B898-DE922D0DE024}.Ad-Hoc|Any CPU.ActiveCfg = Debug|Any CPU
		{F6D57445-2004-4A90-B898-DE922D0DE024}.Ad-Hoc|Any CPU.Build.0 = Debug|Any CPU
		{F6D57445-2004-4A90-B898-DE922D0DE024}.Ad-Hoc|ARM.ActiveCfg = Debug|Any CPU
		{F6D57445-2004-4A90-B898-DE922D0DE024}.Ad-Hoc|ARM.Build.0 = Debug|Any CPU
		{F6D57445-2004-4A90-B898-DE922D0DE024}.Ad-Hoc|iPhone.ActiveCfg = Debug|Any CPU
		{F6D57445-2004-4A90-B898-DE922D0DE024}.Ad-Hoc|iPhone.Build.0 = Debug|Any CPU
		{F6D57445-2004-4A90-B898-DE922D0DE024}.Ad-Hoc|iPhoneSimulator.ActiveCfg = Debug|Any CPU
		{F6D57445-2004-4A90-B898-DE922D0DE024}.Ad-Hoc|iPhoneSimulator.Build.0 = Debug|Any CPU
		{F6D57445-2004-4A90-B898-DE922D0DE024}.Ad-Hoc|x64.ActiveCfg = Debug|Any CPU
		{F6D57445-2004-4A90-B898-DE922D0DE024}.Ad-Hoc|x64.Build.0 = Debug|Any CPU
		{F6D57445-2004-4A90-B898-DE922D0DE024}.Ad-Hoc|x86.ActiveCfg = Debug|Any CPU
		{F6D57445-2004-4A90-B898-DE922D0DE024}.Ad-Hoc|x86.Build.0 = Debug|Any CPU
		{F6D57445-2004-4A90-B898-DE922D0DE024}.AppStore|Any CPU.ActiveCfg = Debug|Any CPU
		{F6D57445-2004-4A90-B898-DE922D0DE024}.AppStore|Any CPU.Build.0 = Debug|Any CPU
		{F6D57445-2004-4A90-B898-DE922D0DE024}.AppStore|ARM.ActiveCfg = Debug|Any CPU
		{F6D57445-2004-4A90-B898-DE922D0DE024}.AppStore|ARM.Build.0 = Debug|Any CPU
		{F6D57445-2004-4A90-B898-DE922D0DE024}.AppStore|iPhone.ActiveCfg = Debug|Any CPU
		{F6D57445-2004-4A90-B898-DE922D0DE024}.AppStore|iPhone.Build.0 = Debug|Any CPU
		{F6D57445-2004-4A90-B898-DE922D0DE024}.AppStore|iPhoneSimulator.ActiveCfg = Debug|Any CPU
		{F6D57445-2004-4A90-B898-DE922D0DE024}.AppStore|iPhoneSimulator.Build.0 = Debug|Any CPU
		{F6D57445-2004-4A90-B898-DE922D0DE024}.AppStore|x64.ActiveCfg = Debug|Any CPU
		{F6D57445-2004-4A90-B898-DE922D0DE024}.AppStore|x64.Build.0 = Debug|Any CPU
		{F6D57445-2004-4A90-B898-DE922D0DE024}.AppStore|x86.ActiveCfg = Debug|Any CPU
		{F6D57445-2004-4A90-B898-DE922D0DE024}.AppStore|x86.Build.0 = Debug|Any CPU
		{F6D57445-2004-4A90-B898-DE922D0DE024}.Debug|Any CPU.ActiveCfg = Debug|Any CPU
		{F6D57445-2004-4A90-B898-DE922D0DE024}.Debug|Any CPU.Build.0 = Debug|Any CPU
		{F6D57445-2004-4A90-B898-DE922D0DE024}.Debug|ARM.ActiveCfg = Debug|Any CPU
		{F6D57445-2004-4A90-B898-DE922D0DE024}.Debug|ARM.Build.0 = Debug|Any CPU
		{F6D57445-2004-4A90-B898-DE922D0DE024}.Debug|iPhone.ActiveCfg = Debug|Any CPU
		{F6D57445-2004-4A90-B898-DE922D0DE024}.Debug|iPhone.Build.0 = Debug|Any CPU
		{F6D57445-2004-4A90-B898-DE922D0DE024}.Debug|iPhoneSimulator.ActiveCfg = Debug|Any CPU
		{F6D57445-2004-4A90-B898-DE922D0DE024}.Debug|iPhoneSimulator.Build.0 = Debug|Any CPU
		{F6D57445-2004-4A90-B898-DE922D0DE024}.Debug|x64.ActiveCfg = Debug|Any CPU
		{F6D57445-2004-4A90-B898-DE922D0DE024}.Debug|x64.Build.0 = Debug|Any CPU
		{F6D57445-2004-4A90-B898-DE922D0DE024}.Debug|x86.ActiveCfg = Debug|Any CPU
		{F6D57445-2004-4A90-B898-DE922D0DE024}.Debug|x86.Build.0 = Debug|Any CPU
		{F6D57445-2004-4A90-B898-DE922D0DE024}.Release|Any CPU.ActiveCfg = Release|Any CPU
		{F6D57445-2004-4A90-B898-DE922D0DE024}.Release|Any CPU.Build.0 = Release|Any CPU
		{F6D57445-2004-4A90-B898-DE922D0DE024}.Release|ARM.ActiveCfg = Release|Any CPU
		{F6D57445-2004-4A90-B898-DE922D0DE024}.Release|ARM.Build.0 = Release|Any CPU
		{F6D57445-2004-4A90-B898-DE922D0DE024}.Release|iPhone.ActiveCfg = Release|Any CPU
		{F6D57445-2004-4A90-B898-DE922D0DE024}.Release|iPhone.Build.0 = Release|Any CPU
		{F6D57445-2004-4A90-B898-DE922D0DE024}.Release|iPhoneSimulator.ActiveCfg = Release|Any CPU
		{F6D57445-2004-4A90-B898-DE922D0DE024}.Release|iPhoneSimulator.Build.0 = Release|Any CPU
		{F6D57445-2004-4A90-B898-DE922D0DE024}.Release|x64.ActiveCfg = Release|Any CPU
		{F6D57445-2004-4A90-B898-DE922D0DE024}.Release|x64.Build.0 = Release|Any CPU
		{F6D57445-2004-4A90-B898-DE922D0DE024}.Release|x86.ActiveCfg = Release|Any CPU
		{F6D57445-2004-4A90-B898-DE922D0DE024}.Release|x86.Build.0 = Release|Any CPU
		{662B0EC0-20B3-4AD3-9F3C-A6FEAD4EB58E}.Ad-Hoc|Any CPU.ActiveCfg = Debug|Any CPU
		{662B0EC0-20B3-4AD3-9F3C-A6FEAD4EB58E}.Ad-Hoc|Any CPU.Build.0 = Debug|Any CPU
		{662B0EC0-20B3-4AD3-9F3C-A6FEAD4EB58E}.Ad-Hoc|ARM.ActiveCfg = Debug|Any CPU
		{662B0EC0-20B3-4AD3-9F3C-A6FEAD4EB58E}.Ad-Hoc|ARM.Build.0 = Debug|Any CPU
		{662B0EC0-20B3-4AD3-9F3C-A6FEAD4EB58E}.Ad-Hoc|iPhone.ActiveCfg = Debug|Any CPU
		{662B0EC0-20B3-4AD3-9F3C-A6FEAD4EB58E}.Ad-Hoc|iPhone.Build.0 = Debug|Any CPU
		{662B0EC0-20B3-4AD3-9F3C-A6FEAD4EB58E}.Ad-Hoc|iPhoneSimulator.ActiveCfg = Debug|Any CPU
		{662B0EC0-20B3-4AD3-9F3C-A6FEAD4EB58E}.Ad-Hoc|iPhoneSimulator.Build.0 = Debug|Any CPU
		{662B0EC0-20B3-4AD3-9F3C-A6FEAD4EB58E}.Ad-Hoc|x64.ActiveCfg = Debug|Any CPU
		{662B0EC0-20B3-4AD3-9F3C-A6FEAD4EB58E}.Ad-Hoc|x64.Build.0 = Debug|Any CPU
		{662B0EC0-20B3-4AD3-9F3C-A6FEAD4EB58E}.Ad-Hoc|x86.ActiveCfg = Debug|Any CPU
		{662B0EC0-20B3-4AD3-9F3C-A6FEAD4EB58E}.Ad-Hoc|x86.Build.0 = Debug|Any CPU
		{662B0EC0-20B3-4AD3-9F3C-A6FEAD4EB58E}.AppStore|Any CPU.ActiveCfg = Debug|Any CPU
		{662B0EC0-20B3-4AD3-9F3C-A6FEAD4EB58E}.AppStore|Any CPU.Build.0 = Debug|Any CPU
		{662B0EC0-20B3-4AD3-9F3C-A6FEAD4EB58E}.AppStore|ARM.ActiveCfg = Debug|Any CPU
		{662B0EC0-20B3-4AD3-9F3C-A6FEAD4EB58E}.AppStore|ARM.Build.0 = Debug|Any CPU
		{662B0EC0-20B3-4AD3-9F3C-A6FEAD4EB58E}.AppStore|iPhone.ActiveCfg = Debug|Any CPU
		{662B0EC0-20B3-4AD3-9F3C-A6FEAD4EB58E}.AppStore|iPhone.Build.0 = Debug|Any CPU
		{662B0EC0-20B3-4AD3-9F3C-A6FEAD4EB58E}.AppStore|iPhoneSimulator.ActiveCfg = Debug|Any CPU
		{662B0EC0-20B3-4AD3-9F3C-A6FEAD4EB58E}.AppStore|iPhoneSimulator.Build.0 = Debug|Any CPU
		{662B0EC0-20B3-4AD3-9F3C-A6FEAD4EB58E}.AppStore|x64.ActiveCfg = Debug|Any CPU
		{662B0EC0-20B3-4AD3-9F3C-A6FEAD4EB58E}.AppStore|x64.Build.0 = Debug|Any CPU
		{662B0EC0-20B3-4AD3-9F3C-A6FEAD4EB58E}.AppStore|x86.ActiveCfg = Debug|Any CPU
		{662B0EC0-20B3-4AD3-9F3C-A6FEAD4EB58E}.AppStore|x86.Build.0 = Debug|Any CPU
		{662B0EC0-20B3-4AD3-9F3C-A6FEAD4EB58E}.Debug|Any CPU.ActiveCfg = Debug|Any CPU
		{662B0EC0-20B3-4AD3-9F3C-A6FEAD4EB58E}.Debug|Any CPU.Build.0 = Debug|Any CPU
		{662B0EC0-20B3-4AD3-9F3C-A6FEAD4EB58E}.Debug|ARM.ActiveCfg = Debug|Any CPU
		{662B0EC0-20B3-4AD3-9F3C-A6FEAD4EB58E}.Debug|ARM.Build.0 = Debug|Any CPU
		{662B0EC0-20B3-4AD3-9F3C-A6FEAD4EB58E}.Debug|iPhone.ActiveCfg = Debug|Any CPU
		{662B0EC0-20B3-4AD3-9F3C-A6FEAD4EB58E}.Debug|iPhone.Build.0 = Debug|Any CPU
		{662B0EC0-20B3-4AD3-9F3C-A6FEAD4EB58E}.Debug|iPhoneSimulator.ActiveCfg = Debug|Any CPU
		{662B0EC0-20B3-4AD3-9F3C-A6FEAD4EB58E}.Debug|iPhoneSimulator.Build.0 = Debug|Any CPU
		{662B0EC0-20B3-4AD3-9F3C-A6FEAD4EB58E}.Debug|x64.ActiveCfg = Debug|Any CPU
		{662B0EC0-20B3-4AD3-9F3C-A6FEAD4EB58E}.Debug|x64.Build.0 = Debug|Any CPU
		{662B0EC0-20B3-4AD3-9F3C-A6FEAD4EB58E}.Debug|x86.ActiveCfg = Debug|Any CPU
		{662B0EC0-20B3-4AD3-9F3C-A6FEAD4EB58E}.Debug|x86.Build.0 = Debug|Any CPU
		{662B0EC0-20B3-4AD3-9F3C-A6FEAD4EB58E}.Release|Any CPU.ActiveCfg = Release|Any CPU
		{662B0EC0-20B3-4AD3-9F3C-A6FEAD4EB58E}.Release|Any CPU.Build.0 = Release|Any CPU
		{662B0EC0-20B3-4AD3-9F3C-A6FEAD4EB58E}.Release|ARM.ActiveCfg = Release|Any CPU
		{662B0EC0-20B3-4AD3-9F3C-A6FEAD4EB58E}.Release|ARM.Build.0 = Release|Any CPU
		{662B0EC0-20B3-4AD3-9F3C-A6FEAD4EB58E}.Release|iPhone.ActiveCfg = Release|Any CPU
		{662B0EC0-20B3-4AD3-9F3C-A6FEAD4EB58E}.Release|iPhone.Build.0 = Release|Any CPU
		{662B0EC0-20B3-4AD3-9F3C-A6FEAD4EB58E}.Release|iPhoneSimulator.ActiveCfg = Release|Any CPU
		{662B0EC0-20B3-4AD3-9F3C-A6FEAD4EB58E}.Release|iPhoneSimulator.Build.0 = Release|Any CPU
		{662B0EC0-20B3-4AD3-9F3C-A6FEAD4EB58E}.Release|x64.ActiveCfg = Release|Any CPU
		{662B0EC0-20B3-4AD3-9F3C-A6FEAD4EB58E}.Release|x64.Build.0 = Release|Any CPU
		{662B0EC0-20B3-4AD3-9F3C-A6FEAD4EB58E}.Release|x86.ActiveCfg = Release|Any CPU
		{662B0EC0-20B3-4AD3-9F3C-A6FEAD4EB58E}.Release|x86.Build.0 = Release|Any CPU
		{4505FD76-B53B-406B-A57F-BBA29591FD9B}.Ad-Hoc|Any CPU.ActiveCfg = Debug|Any CPU
		{4505FD76-B53B-406B-A57F-BBA29591FD9B}.Ad-Hoc|Any CPU.Build.0 = Debug|Any CPU
		{4505FD76-B53B-406B-A57F-BBA29591FD9B}.Ad-Hoc|ARM.ActiveCfg = Debug|Any CPU
		{4505FD76-B53B-406B-A57F-BBA29591FD9B}.Ad-Hoc|ARM.Build.0 = Debug|Any CPU
		{4505FD76-B53B-406B-A57F-BBA29591FD9B}.Ad-Hoc|iPhone.ActiveCfg = Debug|Any CPU
		{4505FD76-B53B-406B-A57F-BBA29591FD9B}.Ad-Hoc|iPhone.Build.0 = Debug|Any CPU
		{4505FD76-B53B-406B-A57F-BBA29591FD9B}.Ad-Hoc|iPhoneSimulator.ActiveCfg = Debug|Any CPU
		{4505FD76-B53B-406B-A57F-BBA29591FD9B}.Ad-Hoc|iPhoneSimulator.Build.0 = Debug|Any CPU
		{4505FD76-B53B-406B-A57F-BBA29591FD9B}.Ad-Hoc|x64.ActiveCfg = Debug|Any CPU
		{4505FD76-B53B-406B-A57F-BBA29591FD9B}.Ad-Hoc|x64.Build.0 = Debug|Any CPU
		{4505FD76-B53B-406B-A57F-BBA29591FD9B}.Ad-Hoc|x86.ActiveCfg = Debug|Any CPU
		{4505FD76-B53B-406B-A57F-BBA29591FD9B}.Ad-Hoc|x86.Build.0 = Debug|Any CPU
		{4505FD76-B53B-406B-A57F-BBA29591FD9B}.AppStore|Any CPU.ActiveCfg = Debug|Any CPU
		{4505FD76-B53B-406B-A57F-BBA29591FD9B}.AppStore|Any CPU.Build.0 = Debug|Any CPU
		{4505FD76-B53B-406B-A57F-BBA29591FD9B}.AppStore|ARM.ActiveCfg = Debug|Any CPU
		{4505FD76-B53B-406B-A57F-BBA29591FD9B}.AppStore|ARM.Build.0 = Debug|Any CPU
		{4505FD76-B53B-406B-A57F-BBA29591FD9B}.AppStore|iPhone.ActiveCfg = Debug|Any CPU
		{4505FD76-B53B-406B-A57F-BBA29591FD9B}.AppStore|iPhone.Build.0 = Debug|Any CPU
		{4505FD76-B53B-406B-A57F-BBA29591FD9B}.AppStore|iPhoneSimulator.ActiveCfg = Debug|Any CPU
		{4505FD76-B53B-406B-A57F-BBA29591FD9B}.AppStore|iPhoneSimulator.Build.0 = Debug|Any CPU
		{4505FD76-B53B-406B-A57F-BBA29591FD9B}.AppStore|x64.ActiveCfg = Debug|Any CPU
		{4505FD76-B53B-406B-A57F-BBA29591FD9B}.AppStore|x64.Build.0 = Debug|Any CPU
		{4505FD76-B53B-406B-A57F-BBA29591FD9B}.AppStore|x86.ActiveCfg = Debug|Any CPU
		{4505FD76-B53B-406B-A57F-BBA29591FD9B}.AppStore|x86.Build.0 = Debug|Any CPU
		{4505FD76-B53B-406B-A57F-BBA29591FD9B}.Debug|Any CPU.ActiveCfg = Debug|Any CPU
		{4505FD76-B53B-406B-A57F-BBA29591FD9B}.Debug|Any CPU.Build.0 = Debug|Any CPU
		{4505FD76-B53B-406B-A57F-BBA29591FD9B}.Debug|ARM.ActiveCfg = Debug|Any CPU
		{4505FD76-B53B-406B-A57F-BBA29591FD9B}.Debug|ARM.Build.0 = Debug|Any CPU
		{4505FD76-B53B-406B-A57F-BBA29591FD9B}.Debug|iPhone.ActiveCfg = Debug|Any CPU
		{4505FD76-B53B-406B-A57F-BBA29591FD9B}.Debug|iPhone.Build.0 = Debug|Any CPU
		{4505FD76-B53B-406B-A57F-BBA29591FD9B}.Debug|iPhoneSimulator.ActiveCfg = Debug|Any CPU
		{4505FD76-B53B-406B-A57F-BBA29591FD9B}.Debug|iPhoneSimulator.Build.0 = Debug|Any CPU
		{4505FD76-B53B-406B-A57F-BBA29591FD9B}.Debug|x64.ActiveCfg = Debug|Any CPU
		{4505FD76-B53B-406B-A57F-BBA29591FD9B}.Debug|x64.Build.0 = Debug|Any CPU
		{4505FD76-B53B-406B-A57F-BBA29591FD9B}.Debug|x86.ActiveCfg = Debug|Any CPU
		{4505FD76-B53B-406B-A57F-BBA29591FD9B}.Debug|x86.Build.0 = Debug|Any CPU
		{4505FD76-B53B-406B-A57F-BBA29591FD9B}.Release|Any CPU.ActiveCfg = Release|Any CPU
		{4505FD76-B53B-406B-A57F-BBA29591FD9B}.Release|Any CPU.Build.0 = Release|Any CPU
		{4505FD76-B53B-406B-A57F-BBA29591FD9B}.Release|ARM.ActiveCfg = Release|Any CPU
		{4505FD76-B53B-406B-A57F-BBA29591FD9B}.Release|ARM.Build.0 = Release|Any CPU
		{4505FD76-B53B-406B-A57F-BBA29591FD9B}.Release|iPhone.ActiveCfg = Release|Any CPU
		{4505FD76-B53B-406B-A57F-BBA29591FD9B}.Release|iPhone.Build.0 = Release|Any CPU
		{4505FD76-B53B-406B-A57F-BBA29591FD9B}.Release|iPhoneSimulator.ActiveCfg = Release|Any CPU
		{4505FD76-B53B-406B-A57F-BBA29591FD9B}.Release|iPhoneSimulator.Build.0 = Release|Any CPU
		{4505FD76-B53B-406B-A57F-BBA29591FD9B}.Release|x64.ActiveCfg = Release|Any CPU
		{4505FD76-B53B-406B-A57F-BBA29591FD9B}.Release|x64.Build.0 = Release|Any CPU
		{4505FD76-B53B-406B-A57F-BBA29591FD9B}.Release|x86.ActiveCfg = Release|Any CPU
		{4505FD76-B53B-406B-A57F-BBA29591FD9B}.Release|x86.Build.0 = Release|Any CPU
		{E97643D6-9F41-424E-AF47-866467C4398B}.Ad-Hoc|Any CPU.ActiveCfg = Release|Any CPU
		{E97643D6-9F41-424E-AF47-866467C4398B}.Ad-Hoc|Any CPU.Build.0 = Release|Any CPU
		{E97643D6-9F41-424E-AF47-866467C4398B}.Ad-Hoc|ARM.ActiveCfg = Release|Any CPU
		{E97643D6-9F41-424E-AF47-866467C4398B}.Ad-Hoc|ARM.Build.0 = Release|Any CPU
		{E97643D6-9F41-424E-AF47-866467C4398B}.Ad-Hoc|iPhone.ActiveCfg = Release|Any CPU
		{E97643D6-9F41-424E-AF47-866467C4398B}.Ad-Hoc|iPhone.Build.0 = Release|Any CPU
		{E97643D6-9F41-424E-AF47-866467C4398B}.Ad-Hoc|iPhoneSimulator.ActiveCfg = Release|Any CPU
		{E97643D6-9F41-424E-AF47-866467C4398B}.Ad-Hoc|iPhoneSimulator.Build.0 = Release|Any CPU
		{E97643D6-9F41-424E-AF47-866467C4398B}.Ad-Hoc|x64.ActiveCfg = Release|Any CPU
		{E97643D6-9F41-424E-AF47-866467C4398B}.Ad-Hoc|x64.Build.0 = Release|Any CPU
		{E97643D6-9F41-424E-AF47-866467C4398B}.Ad-Hoc|x86.ActiveCfg = Release|Any CPU
		{E97643D6-9F41-424E-AF47-866467C4398B}.Ad-Hoc|x86.Build.0 = Release|Any CPU
		{E97643D6-9F41-424E-AF47-866467C4398B}.AppStore|Any CPU.ActiveCfg = Release|Any CPU
		{E97643D6-9F41-424E-AF47-866467C4398B}.AppStore|Any CPU.Build.0 = Release|Any CPU
		{E97643D6-9F41-424E-AF47-866467C4398B}.AppStore|ARM.ActiveCfg = Release|Any CPU
		{E97643D6-9F41-424E-AF47-866467C4398B}.AppStore|ARM.Build.0 = Release|Any CPU
		{E97643D6-9F41-424E-AF47-866467C4398B}.AppStore|iPhone.ActiveCfg = Release|Any CPU
		{E97643D6-9F41-424E-AF47-866467C4398B}.AppStore|iPhone.Build.0 = Release|Any CPU
		{E97643D6-9F41-424E-AF47-866467C4398B}.AppStore|iPhoneSimulator.ActiveCfg = Release|Any CPU
		{E97643D6-9F41-424E-AF47-866467C4398B}.AppStore|iPhoneSimulator.Build.0 = Release|Any CPU
		{E97643D6-9F41-424E-AF47-866467C4398B}.AppStore|x64.ActiveCfg = Release|Any CPU
		{E97643D6-9F41-424E-AF47-866467C4398B}.AppStore|x64.Build.0 = Release|Any CPU
		{E97643D6-9F41-424E-AF47-866467C4398B}.AppStore|x86.ActiveCfg = Release|Any CPU
		{E97643D6-9F41-424E-AF47-866467C4398B}.AppStore|x86.Build.0 = Release|Any CPU
		{E97643D6-9F41-424E-AF47-866467C4398B}.Debug|Any CPU.ActiveCfg = Debug|Any CPU
		{E97643D6-9F41-424E-AF47-866467C4398B}.Debug|Any CPU.Build.0 = Debug|Any CPU
		{E97643D6-9F41-424E-AF47-866467C4398B}.Debug|ARM.ActiveCfg = Debug|Any CPU
		{E97643D6-9F41-424E-AF47-866467C4398B}.Debug|ARM.Build.0 = Debug|Any CPU
		{E97643D6-9F41-424E-AF47-866467C4398B}.Debug|iPhone.ActiveCfg = Debug|Any CPU
		{E97643D6-9F41-424E-AF47-866467C4398B}.Debug|iPhone.Build.0 = Debug|Any CPU
		{E97643D6-9F41-424E-AF47-866467C4398B}.Debug|iPhoneSimulator.ActiveCfg = Debug|Any CPU
		{E97643D6-9F41-424E-AF47-866467C4398B}.Debug|iPhoneSimulator.Build.0 = Debug|Any CPU
		{E97643D6-9F41-424E-AF47-866467C4398B}.Debug|x64.ActiveCfg = Debug|Any CPU
		{E97643D6-9F41-424E-AF47-866467C4398B}.Debug|x64.Build.0 = Debug|Any CPU
		{E97643D6-9F41-424E-AF47-866467C4398B}.Debug|x86.ActiveCfg = Debug|Any CPU
		{E97643D6-9F41-424E-AF47-866467C4398B}.Debug|x86.Build.0 = Debug|Any CPU
		{E97643D6-9F41-424E-AF47-866467C4398B}.Release|Any CPU.ActiveCfg = Release|Any CPU
		{E97643D6-9F41-424E-AF47-866467C4398B}.Release|Any CPU.Build.0 = Release|Any CPU
		{E97643D6-9F41-424E-AF47-866467C4398B}.Release|ARM.ActiveCfg = Release|Any CPU
		{E97643D6-9F41-424E-AF47-866467C4398B}.Release|ARM.Build.0 = Release|Any CPU
		{E97643D6-9F41-424E-AF47-866467C4398B}.Release|iPhone.ActiveCfg = Release|Any CPU
		{E97643D6-9F41-424E-AF47-866467C4398B}.Release|iPhone.Build.0 = Release|Any CPU
		{E97643D6-9F41-424E-AF47-866467C4398B}.Release|iPhoneSimulator.ActiveCfg = Release|Any CPU
		{E97643D6-9F41-424E-AF47-866467C4398B}.Release|iPhoneSimulator.Build.0 = Release|Any CPU
		{E97643D6-9F41-424E-AF47-866467C4398B}.Release|x64.ActiveCfg = Release|Any CPU
		{E97643D6-9F41-424E-AF47-866467C4398B}.Release|x64.Build.0 = Release|Any CPU
		{E97643D6-9F41-424E-AF47-866467C4398B}.Release|x86.ActiveCfg = Release|Any CPU
		{E97643D6-9F41-424E-AF47-866467C4398B}.Release|x86.Build.0 = Release|Any CPU
	EndGlobalSection
	GlobalSection(SolutionProperties) = preSolution
		HideSolutionNode = FALSE
	EndGlobalSection
	GlobalSection(ExtensibilityGlobals) = postSolution
		SolutionGuid = {DCAC984D-F712-414B-8BD7-EE1F286FEA09}
	EndGlobalSection
EndGlobal
